// !$*UTF8*$!
{
	archiveVersion = 1;
	classes = {
	};
	objectVersion = 48;
	objects = {

/* Begin PBXBuildFile section */
		611ED707209810DC00CEC93A /* TreatmentTableViewController.swift in Sources */ = {isa = PBXBuildFile; fileRef = 611ED706209810DC00CEC93A /* TreatmentTableViewController.swift */; };
		613227F02094104D006A2585 /* AppDelegate.swift in Sources */ = {isa = PBXBuildFile; fileRef = 613227EF2094104D006A2585 /* AppDelegate.swift */; };
		613227F72094104D006A2585 /* Assets.xcassets in Resources */ = {isa = PBXBuildFile; fileRef = 613227F62094104D006A2585 /* Assets.xcassets */; };
		613227FA2094104D006A2585 /* LaunchScreen.storyboard in Resources */ = {isa = PBXBuildFile; fileRef = 613227F82094104D006A2585 /* LaunchScreen.storyboard */; };
		61322802209411CB006A2585 /* ColorsCollectionViewController.swift in Sources */ = {isa = PBXBuildFile; fileRef = 61322801209411CB006A2585 /* ColorsCollectionViewController.swift */; };
		61322805209413AD006A2585 /* BigButtonCollectionViewCell.swift in Sources */ = {isa = PBXBuildFile; fileRef = 61322803209413AD006A2585 /* BigButtonCollectionViewCell.swift */; };
		6174D56C20981BFA002123F2 /* EntryTableViewCell.swift in Sources */ = {isa = PBXBuildFile; fileRef = 6174D56B20981BFA002123F2 /* EntryTableViewCell.swift */; };
		618695002097FBDA0046F9DF /* LGButton.xib in Resources */ = {isa = PBXBuildFile; fileRef = 618694FF2097FBDA0046F9DF /* LGButton.xib */; };
		618C924D2097FDBC002D8222 /* Main.storyboard in Resources */ = {isa = PBXBuildFile; fileRef = 618C924B2097FDBC002D8222 /* Main.storyboard */; };
		618DE15B2097EC3600A18742 /* medicone.json in Resources */ = {isa = PBXBuildFile; fileRef = 618DE15A2097EC3500A18742 /* medicone.json */; };
		618DE15D2097EFA200A18742 /* TreatmentGroupsCollectionViewController.swift in Sources */ = {isa = PBXBuildFile; fileRef = 618DE15C2097EFA200A18742 /* TreatmentGroupsCollectionViewController.swift */; };
		618DE1612097F71E00A18742 /* LGButton.swift in Sources */ = {isa = PBXBuildFile; fileRef = 618DE1602097F71E00A18742 /* LGButton.swift */; };
		619EC8842096DC2E00D64AF2 /* ColorGroup.swift in Sources */ = {isa = PBXBuildFile; fileRef = 619EC8832096DC2E00D64AF2 /* ColorGroup.swift */; };
/* End PBXBuildFile section */

/* Begin PBXFileReference section */
		611ED706209810DC00CEC93A /* TreatmentTableViewController.swift */ = {isa = PBXFileReference; lastKnownFileType = sourcecode.swift; path = TreatmentTableViewController.swift; sourceTree = "<group>"; };
		613227EC2094104D006A2585 /* MedicOnePedsCards.app */ = {isa = PBXFileReference; explicitFileType = wrapper.application; includeInIndex = 0; path = MedicOnePedsCards.app; sourceTree = BUILT_PRODUCTS_DIR; };
		613227EF2094104D006A2585 /* AppDelegate.swift */ = {isa = PBXFileReference; lastKnownFileType = sourcecode.swift; path = AppDelegate.swift; sourceTree = "<group>"; };
		613227F62094104D006A2585 /* Assets.xcassets */ = {isa = PBXFileReference; lastKnownFileType = folder.assetcatalog; path = Assets.xcassets; sourceTree = "<group>"; };
		613227F92094104D006A2585 /* Base */ = {isa = PBXFileReference; lastKnownFileType = file.storyboard; name = Base; path = Base.lproj/LaunchScreen.storyboard; sourceTree = "<group>"; };
		613227FB2094104D006A2585 /* Info.plist */ = {isa = PBXFileReference; lastKnownFileType = text.plist.xml; path = Info.plist; sourceTree = "<group>"; };
		61322801209411CB006A2585 /* ColorsCollectionViewController.swift */ = {isa = PBXFileReference; lastKnownFileType = sourcecode.swift; path = ColorsCollectionViewController.swift; sourceTree = "<group>"; };
		61322803209413AD006A2585 /* BigButtonCollectionViewCell.swift */ = {isa = PBXFileReference; lastKnownFileType = sourcecode.swift; path = BigButtonCollectionViewCell.swift; sourceTree = "<group>"; };
		6174D56B20981BFA002123F2 /* EntryTableViewCell.swift */ = {isa = PBXFileReference; lastKnownFileType = sourcecode.swift; path = EntryTableViewCell.swift; sourceTree = "<group>"; };
		618694FF2097FBDA0046F9DF /* LGButton.xib */ = {isa = PBXFileReference; fileEncoding = 4; lastKnownFileType = file.xib; path = LGButton.xib; sourceTree = "<group>"; };
		618C924C2097FDBC002D8222 /* Base */ = {isa = PBXFileReference; lastKnownFileType = file.storyboard; name = Base; path = Base.lproj/Main.storyboard; sourceTree = "<group>"; };
		618DE15A2097EC3500A18742 /* medicone.json */ = {isa = PBXFileReference; fileEncoding = 4; lastKnownFileType = text.json; path = medicone.json; sourceTree = "<group>"; };
		618DE15C2097EFA200A18742 /* TreatmentGroupsCollectionViewController.swift */ = {isa = PBXFileReference; lastKnownFileType = sourcecode.swift; path = TreatmentGroupsCollectionViewController.swift; sourceTree = "<group>"; };
		618DE1602097F71E00A18742 /* LGButton.swift */ = {isa = PBXFileReference; fileEncoding = 4; lastKnownFileType = sourcecode.swift; path = LGButton.swift; sourceTree = "<group>"; };
		619EC8832096DC2E00D64AF2 /* ColorGroup.swift */ = {isa = PBXFileReference; lastKnownFileType = sourcecode.swift; path = ColorGroup.swift; sourceTree = "<group>"; };
/* End PBXFileReference section */

/* Begin PBXFrameworksBuildPhase section */
		613227E92094104D006A2585 /* Frameworks */ = {
			isa = PBXFrameworksBuildPhase;
			buildActionMask = 2147483647;
			files = (
			);
			runOnlyForDeploymentPostprocessing = 0;
		};
/* End PBXFrameworksBuildPhase section */

/* Begin PBXGroup section */
		613227E32094104D006A2585 = {
			isa = PBXGroup;
			children = (
				613227EE2094104D006A2585 /* MedicOnePedsCards */,
				613227ED2094104D006A2585 /* Products */,
			);
			sourceTree = "<group>";
		};
		613227ED2094104D006A2585 /* Products */ = {
			isa = PBXGroup;
			children = (
				613227EC2094104D006A2585 /* MedicOnePedsCards.app */,
			);
			name = Products;
			sourceTree = "<group>";
		};
		613227EE2094104D006A2585 /* MedicOnePedsCards */ = {
			isa = PBXGroup;
			children = (
				613227EF2094104D006A2585 /* AppDelegate.swift */,
				618C924B2097FDBC002D8222 /* Main.storyboard */,
				619EC8832096DC2E00D64AF2 /* ColorGroup.swift */,
				618DE15A2097EC3500A18742 /* medicone.json */,
				6174D56D20983068002123F2 /* Views */,
				618C924F2097FFF0002D8222 /* ViewControllers */,
				613227F62094104D006A2585 /* Assets.xcassets */,
				613227F82094104D006A2585 /* LaunchScreen.storyboard */,
				613227FB2094104D006A2585 /* Info.plist */,
			);
			path = MedicOnePedsCards;
			sourceTree = "<group>";
		};
		6174D56D20983068002123F2 /* Views */ = {
			isa = PBXGroup;
			children = (
				6174D56B20981BFA002123F2 /* EntryTableViewCell.swift */,
				61322803209413AD006A2585 /* BigButtonCollectionViewCell.swift */,
				618C924E2097FFD9002D8222 /* LGButton */,
			);
			path = Views;
			sourceTree = "<group>";
		};
		618C924E2097FFD9002D8222 /* LGButton */ = {
			isa = PBXGroup;
			children = (
				618DE1602097F71E00A18742 /* LGButton.swift */,
				618694FF2097FBDA0046F9DF /* LGButton.xib */,
			);
			path = LGButton;
			sourceTree = "<group>";
		};
		618C924F2097FFF0002D8222 /* ViewControllers */ = {
			isa = PBXGroup;
			children = (
				61322801209411CB006A2585 /* ColorsCollectionViewController.swift */,
				618DE15C2097EFA200A18742 /* TreatmentGroupsCollectionViewController.swift */,
				611ED706209810DC00CEC93A /* TreatmentTableViewController.swift */,
			);
			path = ViewControllers;
			sourceTree = "<group>";
		};
/* End PBXGroup section */

/* Begin PBXNativeTarget section */
		613227EB2094104D006A2585 /* MedicOnePedsCards */ = {
			isa = PBXNativeTarget;
			buildConfigurationList = 613227FE2094104D006A2585 /* Build configuration list for PBXNativeTarget "MedicOnePedsCards" */;
			buildPhases = (
				613227E82094104D006A2585 /* Sources */,
				613227E92094104D006A2585 /* Frameworks */,
				613227EA2094104D006A2585 /* Resources */,
			);
			buildRules = (
			);
			dependencies = (
			);
			name = MedicOnePedsCards;
			productName = MedicOnePedsCards;
			productReference = 613227EC2094104D006A2585 /* MedicOnePedsCards.app */;
			productType = "com.apple.product-type.application";
		};
/* End PBXNativeTarget section */

/* Begin PBXProject section */
		613227E42094104D006A2585 /* Project object */ = {
			isa = PBXProject;
			attributes = {
				LastSwiftUpdateCheck = 0920;
				LastUpgradeCheck = 0920;
				ORGANIZATIONNAME = "Sam Gehman";
				TargetAttributes = {
					613227EB2094104D006A2585 = {
						CreatedOnToolsVersion = 9.2;
						ProvisioningStyle = Automatic;
					};
				};
			};
			buildConfigurationList = 613227E72094104D006A2585 /* Build configuration list for PBXProject "MedicOnePedsCards" */;
			compatibilityVersion = "Xcode 8.0";
			developmentRegion = en;
			hasScannedForEncodings = 0;
			knownRegions = (
				en,
				Base,
			);
			mainGroup = 613227E32094104D006A2585;
			productRefGroup = 613227ED2094104D006A2585 /* Products */;
			projectDirPath = "";
			projectRoot = "";
			targets = (
				613227EB2094104D006A2585 /* MedicOnePedsCards */,
			);
		};
/* End PBXProject section */

/* Begin PBXResourcesBuildPhase section */
		613227EA2094104D006A2585 /* Resources */ = {
			isa = PBXResourcesBuildPhase;
			buildActionMask = 2147483647;
			files = (
				613227FA2094104D006A2585 /* LaunchScreen.storyboard in Resources */,
				618C924D2097FDBC002D8222 /* Main.storyboard in Resources */,
				613227F72094104D006A2585 /* Assets.xcassets in Resources */,
				618DE15B2097EC3600A18742 /* medicone.json in Resources */,
				618695002097FBDA0046F9DF /* LGButton.xib in Resources */,
			);
			runOnlyForDeploymentPostprocessing = 0;
		};
/* End PBXResourcesBuildPhase section */

/* Begin PBXSourcesBuildPhase section */
		613227E82094104D006A2585 /* Sources */ = {
			isa = PBXSourcesBuildPhase;
			buildActionMask = 2147483647;
			files = (
				6174D56C20981BFA002123F2 /* EntryTableViewCell.swift in Sources */,
				61322802209411CB006A2585 /* ColorsCollectionViewController.swift in Sources */,
				613227F02094104D006A2585 /* AppDelegate.swift in Sources */,
				61322805209413AD006A2585 /* BigButtonCollectionViewCell.swift in Sources */,
				611ED707209810DC00CEC93A /* TreatmentTableViewController.swift in Sources */,
				618DE15D2097EFA200A18742 /* TreatmentGroupsCollectionViewController.swift in Sources */,
				618DE1612097F71E00A18742 /* LGButton.swift in Sources */,
				619EC8842096DC2E00D64AF2 /* ColorGroup.swift in Sources */,
			);
			runOnlyForDeploymentPostprocessing = 0;
		};
/* End PBXSourcesBuildPhase section */

/* Begin PBXVariantGroup section */
		613227F82094104D006A2585 /* LaunchScreen.storyboard */ = {
			isa = PBXVariantGroup;
			children = (
				613227F92094104D006A2585 /* Base */,
			);
			name = LaunchScreen.storyboard;
			sourceTree = "<group>";
		};
		618C924B2097FDBC002D8222 /* Main.storyboard */ = {
			isa = PBXVariantGroup;
			children = (
				618C924C2097FDBC002D8222 /* Base */,
			);
			name = Main.storyboard;
			sourceTree = "<group>";
		};
/* End PBXVariantGroup section */

/* Begin XCBuildConfiguration section */
		613227FC2094104D006A2585 /* Debug */ = {
			isa = XCBuildConfiguration;
			buildSettings = {
				ALWAYS_SEARCH_USER_PATHS = NO;
				CLANG_ANALYZER_NONNULL = YES;
				CLANG_ANALYZER_NUMBER_OBJECT_CONVERSION = YES_AGGRESSIVE;
				CLANG_CXX_LANGUAGE_STANDARD = "gnu++14";
				CLANG_CXX_LIBRARY = "libc++";
				CLANG_ENABLE_MODULES = YES;
				CLANG_ENABLE_OBJC_ARC = YES;
				CLANG_WARN_BLOCK_CAPTURE_AUTORELEASING = YES;
				CLANG_WARN_BOOL_CONVERSION = YES;
				CLANG_WARN_COMMA = YES;
				CLANG_WARN_CONSTANT_CONVERSION = YES;
				CLANG_WARN_DIRECT_OBJC_ISA_USAGE = YES_ERROR;
				CLANG_WARN_DOCUMENTATION_COMMENTS = YES;
				CLANG_WARN_EMPTY_BODY = YES;
				CLANG_WARN_ENUM_CONVERSION = YES;
				CLANG_WARN_INFINITE_RECURSION = YES;
				CLANG_WARN_INT_CONVERSION = YES;
				CLANG_WARN_NON_LITERAL_NULL_CONVERSION = YES;
				CLANG_WARN_OBJC_LITERAL_CONVERSION = YES;
				CLANG_WARN_OBJC_ROOT_CLASS = YES_ERROR;
				CLANG_WARN_RANGE_LOOP_ANALYSIS = YES;
				CLANG_WARN_STRICT_PROTOTYPES = YES;
				CLANG_WARN_SUSPICIOUS_MOVE = YES;
				CLANG_WARN_UNGUARDED_AVAILABILITY = YES_AGGRESSIVE;
				CLANG_WARN_UNREACHABLE_CODE = YES;
				CLANG_WARN__DUPLICATE_METHOD_MATCH = YES;
				CODE_SIGN_IDENTITY = "iPhone Developer";
				COPY_PHASE_STRIP = NO;
				DEBUG_INFORMATION_FORMAT = dwarf;
				ENABLE_STRICT_OBJC_MSGSEND = YES;
				ENABLE_TESTABILITY = YES;
				GCC_C_LANGUAGE_STANDARD = gnu11;
				GCC_DYNAMIC_NO_PIC = NO;
				GCC_NO_COMMON_BLOCKS = YES;
				GCC_OPTIMIZATION_LEVEL = 0;
				GCC_PREPROCESSOR_DEFINITIONS = (
					"DEBUG=1",
					"$(inherited)",
				);
				GCC_WARN_64_TO_32_BIT_CONVERSION = YES;
				GCC_WARN_ABOUT_RETURN_TYPE = YES_ERROR;
				GCC_WARN_UNDECLARED_SELECTOR = YES;
				GCC_WARN_UNINITIALIZED_AUTOS = YES_AGGRESSIVE;
				GCC_WARN_UNUSED_FUNCTION = YES;
				GCC_WARN_UNUSED_VARIABLE = YES;
				IPHONEOS_DEPLOYMENT_TARGET = 11.2;
				MTL_ENABLE_DEBUG_INFO = YES;
				ONLY_ACTIVE_ARCH = YES;
				SDKROOT = iphoneos;
				SWIFT_ACTIVE_COMPILATION_CONDITIONS = DEBUG;
				SWIFT_OPTIMIZATION_LEVEL = "-Onone";
			};
			name = Debug;
		};
		613227FD2094104D006A2585 /* Release */ = {
			isa = XCBuildConfiguration;
			buildSettings = {
				ALWAYS_SEARCH_USER_PATHS = NO;
				CLANG_ANALYZER_NONNULL = YES;
				CLANG_ANALYZER_NUMBER_OBJECT_CONVERSION = YES_AGGRESSIVE;
				CLANG_CXX_LANGUAGE_STANDARD = "gnu++14";
				CLANG_CXX_LIBRARY = "libc++";
				CLANG_ENABLE_MODULES = YES;
				CLANG_ENABLE_OBJC_ARC = YES;
				CLANG_WARN_BLOCK_CAPTURE_AUTORELEASING = YES;
				CLANG_WARN_BOOL_CONVERSION = YES;
				CLANG_WARN_COMMA = YES;
				CLANG_WARN_CONSTANT_CONVERSION = YES;
				CLANG_WARN_DIRECT_OBJC_ISA_USAGE = YES_ERROR;
				CLANG_WARN_DOCUMENTATION_COMMENTS = YES;
				CLANG_WARN_EMPTY_BODY = YES;
				CLANG_WARN_ENUM_CONVERSION = YES;
				CLANG_WARN_INFINITE_RECURSION = YES;
				CLANG_WARN_INT_CONVERSION = YES;
				CLANG_WARN_NON_LITERAL_NULL_CONVERSION = YES;
				CLANG_WARN_OBJC_LITERAL_CONVERSION = YES;
				CLANG_WARN_OBJC_ROOT_CLASS = YES_ERROR;
				CLANG_WARN_RANGE_LOOP_ANALYSIS = YES;
				CLANG_WARN_STRICT_PROTOTYPES = YES;
				CLANG_WARN_SUSPICIOUS_MOVE = YES;
				CLANG_WARN_UNGUARDED_AVAILABILITY = YES_AGGRESSIVE;
				CLANG_WARN_UNREACHABLE_CODE = YES;
				CLANG_WARN__DUPLICATE_METHOD_MATCH = YES;
				CODE_SIGN_IDENTITY = "iPhone Developer";
				COPY_PHASE_STRIP = NO;
				DEBUG_INFORMATION_FORMAT = "dwarf-with-dsym";
				ENABLE_NS_ASSERTIONS = NO;
				ENABLE_STRICT_OBJC_MSGSEND = YES;
				GCC_C_LANGUAGE_STANDARD = gnu11;
				GCC_NO_COMMON_BLOCKS = YES;
				GCC_WARN_64_TO_32_BIT_CONVERSION = YES;
				GCC_WARN_ABOUT_RETURN_TYPE = YES_ERROR;
				GCC_WARN_UNDECLARED_SELECTOR = YES;
				GCC_WARN_UNINITIALIZED_AUTOS = YES_AGGRESSIVE;
				GCC_WARN_UNUSED_FUNCTION = YES;
				GCC_WARN_UNUSED_VARIABLE = YES;
				IPHONEOS_DEPLOYMENT_TARGET = 11.2;
				MTL_ENABLE_DEBUG_INFO = NO;
				SDKROOT = iphoneos;
				SWIFT_OPTIMIZATION_LEVEL = "-Owholemodule";
				VALIDATE_PRODUCT = YES;
			};
			name = Release;
		};
		613227FF2094104D006A2585 /* Debug */ = {
			isa = XCBuildConfiguration;
			buildSettings = {
				ASSETCATALOG_COMPILER_APPICON_NAME = AppIcon;
				CODE_SIGN_STYLE = Automatic;
				DEVELOPMENT_TEAM = 567KX7DD6P;
				INFOPLIST_FILE = MedicOnePedsCards/Info.plist;
				LD_RUNPATH_SEARCH_PATHS = "$(inherited) @executable_path/Frameworks";
				PRODUCT_BUNDLE_IDENTIFIER = com.samgehman.MedicOnePedsCards;
				PRODUCT_NAME = "$(TARGET_NAME)";
				SWIFT_VERSION = 4.0;
				TARGETED_DEVICE_FAMILY = "1,2";
			};
			name = Debug;
		};
		613228002094104D006A2585 /* Release */ = {
			isa = XCBuildConfiguration;
			buildSettings = {
				ASSETCATALOG_COMPILER_APPICON_NAME = AppIcon;
				CODE_SIGN_STYLE = Automatic;
				DEVELOPMENT_TEAM = 567KX7DD6P;
				INFOPLIST_FILE = MedicOnePedsCards/Info.plist;
				LD_RUNPATH_SEARCH_PATHS = "$(inherited) @executable_path/Frameworks";
				PRODUCT_BUNDLE_IDENTIFIER = com.samgehman.MedicOnePedsCards;
				PRODUCT_NAME = "$(TARGET_NAME)";
				SWIFT_VERSION = 4.0;
				TARGETED_DEVICE_FAMILY = "1,2";
			};
			name = Release;
		};
/* End XCBuildConfiguration section */

/* Begin XCConfigurationList section */
		613227E72094104D006A2585 /* Build configuration list for PBXProject "MedicOnePedsCards" */ = {
			isa = XCConfigurationList;
			buildConfigurations = (
				613227FC2094104D006A2585 /* Debug */,
				613227FD2094104D006A2585 /* Release */,
			);
			defaultConfigurationIsVisible = 0;
			defaultConfigurationName = Release;
		};
		613227FE2094104D006A2585 /* Build configuration list for PBXNativeTarget "MedicOnePedsCards" */ = {
			isa = XCConfigurationList;
			buildConfigurations = (
				613227FF2094104D006A2585 /* Debug */,
				613228002094104D006A2585 /* Release */,
			);
			defaultConfigurationIsVisible = 0;
			defaultConfigurationName = Release;
		};
/* End XCConfigurationList section */
	};
	rootObject = 613227E42094104D006A2585 /* Project object */;
}
